
Microsoft Visual Studio Solution File, Format Version 12.00
# Visual Studio Version 17
VisualStudioVersion = 17.5.002.0
MinimumVisualStudioVersion = 10.0.40219.1
Project("{9A19103F-16F7-4668-BE54-9A1E7A4F7556}") = "cse-210-xg", "cse-210-xg.csproj", "{61A70266-D07E-4CAF-A6DA-56DB3691B892}"
EndProject
Project("{9A19103F-16F7-4668-BE54-9A1E7A4F7556}") = "Book", "Book\Book.csproj", "{BC435599-CE70-41D9-9C13-E5060FAE4D98}"
EndProject
Project("{9A19103F-16F7-4668-BE54-9A1E7A4F7556}") = "cse-210-xg (1)", "code_along\cse-210-xg.csproj", "{709366B2-3BBD-49B4-BC73-70BF0E9F9718}"
EndProject
Project("{9A19103F-16F7-4668-BE54-9A1E7A4F7556}") = "testing", "testing\testing.csproj", "{C1B8ECD5-0A49-40B7-A4F1-7014305C7651}"
EndProject
Project("{2150E333-8FDC-42A3-9474-1A3956D46DE8}") = "code_along", "code_along", "{BFE2FB39-77B8-4B16-B7B3-CE932852B0FF}"
EndProject
Project("{9A19103F-16F7-4668-BE54-9A1E7A4F7556}") = "tourneys", "code_along\tourneys\tourneys.csproj", "{4C0249F6-51F6-4A6B-8511-2CCBDEBA6475}"
EndProject
Project("{2150E333-8FDC-42A3-9474-1A3956D46DE8}") = "csharp-prep", "csharp-prep", "{8D6E3D78-D3A9-48B2-9920-2979A2A924CA}"
EndProject
Project("{9A19103F-16F7-4668-BE54-9A1E7A4F7556}") = "Prep1", "csharp-prep\Prep1\Prep1.csproj", "{9305E5F0-9713-4C47-A484-8466EE8A9B58}"
EndProject
Project("{9A19103F-16F7-4668-BE54-9A1E7A4F7556}") = "Prep2", "csharp-prep\Prep2\Prep2.csproj", "{53725EB3-E367-4A88-AC8E-59984450A126}"
EndProject
Project("{9A19103F-16F7-4668-BE54-9A1E7A4F7556}") = "Prep3", "csharp-prep\Prep3\Prep3.csproj", "{AF494F26-C10E-4319-AA1D-D3283E8069AD}"
EndProject
Project("{9A19103F-16F7-4668-BE54-9A1E7A4F7556}") = "Prep4", "csharp-prep\Prep4\Prep4.csproj", "{98C1668B-2E8B-49D9-97B0-09D4BA1226EE}"
EndProject
Project("{9A19103F-16F7-4668-BE54-9A1E7A4F7556}") = "Prep5", "csharp-prep\Prep5\Prep5.csproj", "{0E18F80F-A5A1-41E7-8C27-64B45B507F2D}"
EndProject
Project("{2150E333-8FDC-42A3-9474-1A3956D46DE8}") = "final", "final", "{A022161B-F8C6-4406-A04C-4CAC704F4575}"
EndProject
Project("{9A19103F-16F7-4668-BE54-9A1E7A4F7556}") = "FinalProject", "final\FinalProject\FinalProject.csproj", "{D667F09C-AFE0-47AF-8001-DAB98E9B41DA}"
EndProject
Project("{9A19103F-16F7-4668-BE54-9A1E7A4F7556}") = "Foundation1", "final\Foundation1\Foundation1.csproj", "{2BED9B39-002C-41FC-AF7A-BD7ADC61AC55}"
EndProject
Project("{9A19103F-16F7-4668-BE54-9A1E7A4F7556}") = "Foundation2", "final\Foundation2\Foundation2.csproj", "{8C77450E-3117-4A45-92FD-854F2F374C4E}"
EndProject
Project("{9A19103F-16F7-4668-BE54-9A1E7A4F7556}") = "Foundation3", "final\Foundation3\Foundation3.csproj", "{E2854276-43F3-4F73-8C8D-76B9097D83E7}"
EndProject
Project("{9A19103F-16F7-4668-BE54-9A1E7A4F7556}") = "Foundation4", "final\Foundation4\Foundation4.csproj", "{A3863E42-75E7-42D8-B819-3DE3411E28C9}"
EndProject
Project("{2150E333-8FDC-42A3-9474-1A3956D46DE8}") = "prepare", "prepare", "{6D5F9654-1A30-4B8C-8ACF-9CC97B7524BC}"
EndProject
Project("{9A19103F-16F7-4668-BE54-9A1E7A4F7556}") = "Learning02", "prepare\Learning02\Learning02.csproj", "{956A7E78-1E19-46C2-91C2-B74D57EE104F}"
EndProject
Project("{9A19103F-16F7-4668-BE54-9A1E7A4F7556}") = "Learning03", "prepare\Learning03\Learning03.csproj", "{7FCC035D-D78E-4B58-B319-C50793EDDA81}"
EndProject
Project("{9A19103F-16F7-4668-BE54-9A1E7A4F7556}") = "Learning04", "prepare\Learning04\Learning04.csproj", "{F1299193-F35E-4FBE-B1B7-66655DBC29A3}"
EndProject
Project("{9A19103F-16F7-4668-BE54-9A1E7A4F7556}") = "Learning05", "prepare\Learning05\Learning05.csproj", "{F4438678-FC85-48BD-A694-5A9C29DEDDF8}"
EndProject
Project("{2150E333-8FDC-42A3-9474-1A3956D46DE8}") = "prove", "prove", "{2D153E30-C461-4F9E-8E7B-9A015FFEB8A5}"
EndProject
Project("{9A19103F-16F7-4668-BE54-9A1E7A4F7556}") = "Develop02", "prove\Develop02\Develop02.csproj", "{0B152FAD-A496-4A7A-A921-BE59F6E424EA}"
EndProject
Project("{9A19103F-16F7-4668-BE54-9A1E7A4F7556}") = "Develop03", "prove\Develop03\Develop03.csproj", "{3FEFC9CE-BA24-445A-8732-4B3707290A0A}"
EndProject
Project("{9A19103F-16F7-4668-BE54-9A1E7A4F7556}") = "Develop04", "prove\Develop04\Develop04.csproj", "{44513113-7937-4C50-AE2F-DC006BD11F4C}"
EndProject
Project("{9A19103F-16F7-4668-BE54-9A1E7A4F7556}") = "Develop05", "prove\Develop05\Develop05.csproj", "{90010E20-B312-4EDB-882D-553EC4298D1B}"
EndProject
Project("{2150E333-8FDC-42A3-9474-1A3956D46DE8}") = "sandbox", "sandbox", "{A24B875D-BAA1-4DA3-9409-F480C166CCDD}"
EndProject
Project("{9A19103F-16F7-4668-BE54-9A1E7A4F7556}") = "Sandbox", "sandbox\Sandbox\Sandbox.csproj", "{1E277A38-08D4-4204-905A-BBF33314B45A}"
EndProject
Global
	GlobalSection(SolutionConfigurationPlatforms) = preSolution
		Debug|Any CPU = Debug|Any CPU
		Release|Any CPU = Release|Any CPU
	EndGlobalSection
	GlobalSection(ProjectConfigurationPlatforms) = postSolution
		{61A70266-D07E-4CAF-A6DA-56DB3691B892}.Debug|Any CPU.ActiveCfg = Debug|Any CPU
		{61A70266-D07E-4CAF-A6DA-56DB3691B892}.Debug|Any CPU.Build.0 = Debug|Any CPU
		{61A70266-D07E-4CAF-A6DA-56DB3691B892}.Release|Any CPU.ActiveCfg = Release|Any CPU
		{61A70266-D07E-4CAF-A6DA-56DB3691B892}.Release|Any CPU.Build.0 = Release|Any CPU
		{BC435599-CE70-41D9-9C13-E5060FAE4D98}.Debug|Any CPU.ActiveCfg = Debug|Any CPU
		{BC435599-CE70-41D9-9C13-E5060FAE4D98}.Debug|Any CPU.Build.0 = Debug|Any CPU
		{BC435599-CE70-41D9-9C13-E5060FAE4D98}.Release|Any CPU.ActiveCfg = Release|Any CPU
		{BC435599-CE70-41D9-9C13-E5060FAE4D98}.Release|Any CPU.Build.0 = Release|Any CPU
		{709366B2-3BBD-49B4-BC73-70BF0E9F9718}.Debug|Any CPU.ActiveCfg = Debug|Any CPU
		{709366B2-3BBD-49B4-BC73-70BF0E9F9718}.Debug|Any CPU.Build.0 = Debug|Any CPU
		{709366B2-3BBD-49B4-BC73-70BF0E9F9718}.Release|Any CPU.ActiveCfg = Release|Any CPU
		{709366B2-3BBD-49B4-BC73-70BF0E9F9718}.Release|Any CPU.Build.0 = Release|Any CPU
		{C1B8ECD5-0A49-40B7-A4F1-7014305C7651}.Debug|Any CPU.ActiveCfg = Debug|Any CPU
		{C1B8ECD5-0A49-40B7-A4F1-7014305C7651}.Debug|Any CPU.Build.0 = Debug|Any CPU
		{C1B8ECD5-0A49-40B7-A4F1-7014305C7651}.Release|Any CPU.ActiveCfg = Release|Any CPU
		{C1B8ECD5-0A49-40B7-A4F1-7014305C7651}.Release|Any CPU.Build.0 = Release|Any CPU
		{4C0249F6-51F6-4A6B-8511-2CCBDEBA6475}.Debug|Any CPU.ActiveCfg = Debug|Any CPU
		{4C0249F6-51F6-4A6B-8511-2CCBDEBA6475}.Debug|Any CPU.Build.0 = Debug|Any CPU
		{4C0249F6-51F6-4A6B-8511-2CCBDEBA6475}.Release|Any CPU.ActiveCfg = Release|Any CPU
		{4C0249F6-51F6-4A6B-8511-2CCBDEBA6475}.Release|Any CPU.Build.0 = Release|Any CPU
		{9305E5F0-9713-4C47-A484-8466EE8A9B58}.Debug|Any CPU.ActiveCfg = Debug|Any CPU
		{9305E5F0-9713-4C47-A484-8466EE8A9B58}.Debug|Any CPU.Build.0 = Debug|Any CPU
		{9305E5F0-9713-4C47-A484-8466EE8A9B58}.Release|Any CPU.ActiveCfg = Release|Any CPU
		{9305E5F0-9713-4C47-A484-8466EE8A9B58}.Release|Any CPU.Build.0 = Release|Any CPU
		{53725EB3-E367-4A88-AC8E-59984450A126}.Debug|Any CPU.ActiveCfg = Debug|Any CPU
		{53725EB3-E367-4A88-AC8E-59984450A126}.Debug|Any CPU.Build.0 = Debug|Any CPU
		{53725EB3-E367-4A88-AC8E-59984450A126}.Release|Any CPU.ActiveCfg = Release|Any CPU
		{53725EB3-E367-4A88-AC8E-59984450A126}.Release|Any CPU.Build.0 = Release|Any CPU
		{AF494F26-C10E-4319-AA1D-D3283E8069AD}.Debug|Any CPU.ActiveCfg = Debug|Any CPU
		{AF494F26-C10E-4319-AA1D-D3283E8069AD}.Debug|Any CPU.Build.0 = Debug|Any CPU
		{AF494F26-C10E-4319-AA1D-D3283E8069AD}.Release|Any CPU.ActiveCfg = Release|Any CPU
		{AF494F26-C10E-4319-AA1D-D3283E8069AD}.Release|Any CPU.Build.0 = Release|Any CPU
		{98C1668B-2E8B-49D9-97B0-09D4BA1226EE}.Debug|Any CPU.ActiveCfg = Debug|Any CPU
		{98C1668B-2E8B-49D9-97B0-09D4BA1226EE}.Debug|Any CPU.Build.0 = Debug|Any CPU
		{98C1668B-2E8B-49D9-97B0-09D4BA1226EE}.Release|Any CPU.ActiveCfg = Release|Any CPU
		{98C1668B-2E8B-49D9-97B0-09D4BA1226EE}.Release|Any CPU.Build.0 = Release|Any CPU
		{0E18F80F-A5A1-41E7-8C27-64B45B507F2D}.Debug|Any CPU.ActiveCfg = Debug|Any CPU
		{0E18F80F-A5A1-41E7-8C27-64B45B507F2D}.Debug|Any CPU.Build.0 = Debug|Any CPU
		{0E18F80F-A5A1-41E7-8C27-64B45B507F2D}.Release|Any CPU.ActiveCfg = Release|Any CPU
		{0E18F80F-A5A1-41E7-8C27-64B45B507F2D}.Release|Any CPU.Build.0 = Release|Any CPU
		{D667F09C-AFE0-47AF-8001-DAB98E9B41DA}.Debug|Any CPU.ActiveCfg = Debug|Any CPU
		{D667F09C-AFE0-47AF-8001-DAB98E9B41DA}.Debug|Any CPU.Build.0 = Debug|Any CPU
		{D667F09C-AFE0-47AF-8001-DAB98E9B41DA}.Release|Any CPU.ActiveCfg = Release|Any CPU
		{D667F09C-AFE0-47AF-8001-DAB98E9B41DA}.Release|Any CPU.Build.0 = Release|Any CPU
		{2BED9B39-002C-41FC-AF7A-BD7ADC61AC55}.Debug|Any CPU.ActiveCfg = Debug|Any CPU
		{2BED9B39-002C-41FC-AF7A-BD7ADC61AC55}.Debug|Any CPU.Build.0 = Debug|Any CPU
		{2BED9B39-002C-41FC-AF7A-BD7ADC61AC55}.Release|Any CPU.ActiveCfg = Release|Any CPU
		{2BED9B39-002C-41FC-AF7A-BD7ADC61AC55}.Release|Any CPU.Build.0 = Release|Any CPU
		{8C77450E-3117-4A45-92FD-854F2F374C4E}.Debug|Any CPU.ActiveCfg = Debug|Any CPU
		{8C77450E-3117-4A45-92FD-854F2F374C4E}.Debug|Any CPU.Build.0 = Debug|Any CPU
		{8C77450E-3117-4A45-92FD-854F2F374C4E}.Release|Any CPU.ActiveCfg = Release|Any CPU
		{8C77450E-3117-4A45-92FD-854F2F374C4E}.Release|Any CPU.Build.0 = Release|Any CPU
		{E2854276-43F3-4F73-8C8D-76B9097D83E7}.Debug|Any CPU.ActiveCfg = Debug|Any CPU
		{E2854276-43F3-4F73-8C8D-76B9097D83E7}.Debug|Any CPU.Build.0 = Debug|Any CPU
		{E2854276-43F3-4F73-8C8D-76B9097D83E7}.Release|Any CPU.ActiveCfg = Release|Any CPU
		{E2854276-43F3-4F73-8C8D-76B9097D83E7}.Release|Any CPU.Build.0 = Release|Any CPU
		{A3863E42-75E7-42D8-B819-3DE3411E28C9}.Debug|Any CPU.ActiveCfg = Debug|Any CPU
		{A3863E42-75E7-42D8-B819-3DE3411E28C9}.Debug|Any CPU.Build.0 = Debug|Any CPU
		{A3863E42-75E7-42D8-B819-3DE3411E28C9}.Release|Any CPU.ActiveCfg = Release|Any CPU
		{A3863E42-75E7-42D8-B819-3DE3411E28C9}.Release|Any CPU.Build.0 = Release|Any CPU
		{956A7E78-1E19-46C2-91C2-B74D57EE104F}.Debug|Any CPU.ActiveCfg = Debug|Any CPU
		{956A7E78-1E19-46C2-91C2-B74D57EE104F}.Debug|Any CPU.Build.0 = Debug|Any CPU
		{956A7E78-1E19-46C2-91C2-B74D57EE104F}.Release|Any CPU.ActiveCfg = Release|Any CPU
		{956A7E78-1E19-46C2-91C2-B74D57EE104F}.Release|Any CPU.Build.0 = Release|Any CPU
		{7FCC035D-D78E-4B58-B319-C50793EDDA81}.Debug|Any CPU.ActiveCfg = Debug|Any CPU
		{7FCC035D-D78E-4B58-B319-C50793EDDA81}.Debug|Any CPU.Build.0 = Debug|Any CPU
		{7FCC035D-D78E-4B58-B319-C50793EDDA81}.Release|Any CPU.ActiveCfg = Release|Any CPU
		{7FCC035D-D78E-4B58-B319-C50793EDDA81}.Release|Any CPU.Build.0 = Release|Any CPU
		{F1299193-F35E-4FBE-B1B7-66655DBC29A3}.Debug|Any CPU.ActiveCfg = Debug|Any CPU
		{F1299193-F35E-4FBE-B1B7-66655DBC29A3}.Debug|Any CPU.Build.0 = Debug|Any CPU
		{F1299193-F35E-4FBE-B1B7-66655DBC29A3}.Release|Any CPU.ActiveCfg = Release|Any CPU
		{F1299193-F35E-4FBE-B1B7-66655DBC29A3}.Release|Any CPU.Build.0 = Release|Any CPU
		{F4438678-FC85-48BD-A694-5A9C29DEDDF8}.Debug|Any CPU.ActiveCfg = Debug|Any CPU
		{F4438678-FC85-48BD-A694-5A9C29DEDDF8}.Debug|Any CPU.Build.0 = Debug|Any CPU
		{F4438678-FC85-48BD-A694-5A9C29DEDDF8}.Release|Any CPU.ActiveCfg = Release|Any CPU
		{F4438678-FC85-48BD-A694-5A9C29DEDDF8}.Release|Any CPU.Build.0 = Release|Any CPU
		{0B152FAD-A496-4A7A-A921-BE59F6E424EA}.Debug|Any CPU.ActiveCfg = Debug|Any CPU
		{0B152FAD-A496-4A7A-A921-BE59F6E424EA}.Debug|Any CPU.Build.0 = Debug|Any CPU
		{0B152FAD-A496-4A7A-A921-BE59F6E424EA}.Release|Any CPU.ActiveCfg = Release|Any CPU
		{0B152FAD-A496-4A7A-A921-BE59F6E424EA}.Release|Any CPU.Build.0 = Release|Any CPU
		{3FEFC9CE-BA24-445A-8732-4B3707290A0A}.Debug|Any CPU.ActiveCfg = Debug|Any CPU
		{3FEFC9CE-BA24-445A-8732-4B3707290A0A}.Debug|Any CPU.Build.0 = Debug|Any CPU
		{3FEFC9CE-BA24-445A-8732-4B3707290A0A}.Release|Any CPU.ActiveCfg = Release|Any CPU
		{3FEFC9CE-BA24-445A-8732-4B3707290A0A}.Release|Any CPU.Build.0 = Release|Any CPU
		{44513113-7937-4C50-AE2F-DC006BD11F4C}.Debug|Any CPU.ActiveCfg = Debug|Any CPU
		{44513113-7937-4C50-AE2F-DC006BD11F4C}.Debug|Any CPU.Build.0 = Debug|Any CPU
		{44513113-7937-4C50-AE2F-DC006BD11F4C}.Release|Any CPU.ActiveCfg = Release|Any CPU
		{44513113-7937-4C50-AE2F-DC006BD11F4C}.Release|Any CPU.Build.0 = Release|Any CPU
		{90010E20-B312-4EDB-882D-553EC4298D1B}.Debug|Any CPU.ActiveCfg = Debug|Any CPU
		{90010E20-B312-4EDB-882D-553EC4298D1B}.Debug|Any CPU.Build.0 = Debug|Any CPU
		{90010E20-B312-4EDB-882D-553EC4298D1B}.Release|Any CPU.ActiveCfg = Release|Any CPU
		{90010E20-B312-4EDB-882D-553EC4298D1B}.Release|Any CPU.Build.0 = Release|Any CPU
		{1E277A38-08D4-4204-905A-BBF33314B45A}.Debug|Any CPU.ActiveCfg = Debug|Any CPU
		{1E277A38-08D4-4204-905A-BBF33314B45A}.Debug|Any CPU.Build.0 = Debug|Any CPU
		{1E277A38-08D4-4204-905A-BBF33314B45A}.Release|Any CPU.ActiveCfg = Release|Any CPU
		{1E277A38-08D4-4204-905A-BBF33314B45A}.Release|Any CPU.Build.0 = Release|Any CPU
	EndGlobalSection
	GlobalSection(SolutionProperties) = preSolution
		HideSolutionNode = FALSE
	EndGlobalSection
	GlobalSection(NestedProjects) = preSolution
		{4C0249F6-51F6-4A6B-8511-2CCBDEBA6475} = {BFE2FB39-77B8-4B16-B7B3-CE932852B0FF}
		{9305E5F0-9713-4C47-A484-8466EE8A9B58} = {8D6E3D78-D3A9-48B2-9920-2979A2A924CA}
		{53725EB3-E367-4A88-AC8E-59984450A126} = {8D6E3D78-D3A9-48B2-9920-2979A2A924CA}
		{AF494F26-C10E-4319-AA1D-D3283E8069AD} = {8D6E3D78-D3A9-48B2-9920-2979A2A924CA}
		{98C1668B-2E8B-49D9-97B0-09D4BA1226EE} = {8D6E3D78-D3A9-48B2-9920-2979A2A924CA}
		{0E18F80F-A5A1-41E7-8C27-64B45B507F2D} = {8D6E3D78-D3A9-48B2-9920-2979A2A924CA}
		{D667F09C-AFE0-47AF-8001-DAB98E9B41DA} = {A022161B-F8C6-4406-A04C-4CAC704F4575}
		{2BED9B39-002C-41FC-AF7A-BD7ADC61AC55} = {A022161B-F8C6-4406-A04C-4CAC704F4575}
		{8C77450E-3117-4A45-92FD-854F2F374C4E} = {A022161B-F8C6-4406-A04C-4CAC704F4575}
		{E2854276-43F3-4F73-8C8D-76B9097D83E7} = {A022161B-F8C6-4406-A04C-4CAC704F4575}
		{A3863E42-75E7-42D8-B819-3DE3411E28C9} = {A022161B-F8C6-4406-A04C-4CAC704F4575}
		{956A7E78-1E19-46C2-91C2-B74D57EE104F} = {6D5F9654-1A30-4B8C-8ACF-9CC97B7524BC}
		{7FCC035D-D78E-4B58-B319-C50793EDDA81} = {6D5F9654-1A30-4B8C-8ACF-9CC97B7524BC}
		{F1299193-F35E-4FBE-B1B7-66655DBC29A3} = {6D5F9654-1A30-4B8C-8ACF-9CC97B7524BC}
		{F4438678-FC85-48BD-A694-5A9C29DEDDF8} = {6D5F9654-1A30-4B8C-8ACF-9CC97B7524BC}
		{0B152FAD-A496-4A7A-A921-BE59F6E424EA} = {2D153E30-C461-4F9E-8E7B-9A015FFEB8A5}
		{3FEFC9CE-BA24-445A-8732-4B3707290A0A} = {2D153E30-C461-4F9E-8E7B-9A015FFEB8A5}
		{44513113-7937-4C50-AE2F-DC006BD11F4C} = {2D153E30-C461-4F9E-8E7B-9A015FFEB8A5}
		{90010E20-B312-4EDB-882D-553EC4298D1B} = {2D153E30-C461-4F9E-8E7B-9A015FFEB8A5}
		{1E277A38-08D4-4204-905A-BBF33314B45A} = {A24B875D-BAA1-4DA3-9409-F480C166CCDD}
	EndGlobalSection
	GlobalSection(ExtensibilityGlobals) = postSolution
		SolutionGuid = {D460DD2A-1C04-4F25-B4D6-304933766186}
	EndGlobalSection
EndGlobal
